
Microsoft Visual Studio Solution File, Format Version 12.00
# Visual Studio Version 16
VisualStudioVersion = 16.0.31321.278
MinimumVisualStudioVersion = 10.0.40219.1
Project("{9A19103F-16F7-4668-BE54-9A1E7A4F7556}") = "eSolutionTech", "eSolutionTech\eSolutionTech.csproj", "{4E626B7F-7DA3-4B2D-8617-B31973912B7C}"
EndProject
Project("{2150E333-8FDC-42A3-9474-1A3956D46DE8}") = "Solution Items", "Solution Items", "{FB3970EE-B6B8-43B7-BD38-A2BC24531B47}"
	ProjectSection(SolutionItems) = preProject
		README.md = README.md
	EndProjectSection
EndProject
Project("{9A19103F-16F7-4668-BE54-9A1E7A4F7556}") = "eSolutionTech.Application", "eShopSolution.Application\eSolutionTech.Application.csproj", "{6A69B6CC-D91E-4F47-829E-0484A035B2EF}"
EndProject
Project("{9A19103F-16F7-4668-BE54-9A1E7A4F7556}") = "eSolution.Utilities", "eSolution.Utilities\eSolution.Utilities.csproj", "{72A352EF-EF78-4AB2-A57A-D19BAB8B0D1C}"
EndProject
Project("{9A19103F-16F7-4668-BE54-9A1E7A4F7556}") = "eSolutionTech.Data", "eSolutionTech.Data\eSolutionTech.Data.csproj", "{4980D54F-0BD3-4B7C-B4B5-656D719EDEAE}"
EndProject
Project("{9A19103F-16F7-4668-BE54-9A1E7A4F7556}") = "eSolutionTech.ViewModels", "eSolutionTech.ViewModels\eSolutionTech.ViewModels.csproj", "{747A11BB-DABB-44F8-9083-BB03C1ABD2AD}"
EndProject
Project("{9A19103F-16F7-4668-BE54-9A1E7A4F7556}") = "eSolutionTech.BackendApi", "eSolutionTech.BackendApi\eSolutionTech.BackendApi.csproj", "{80ABEF63-17BF-4BB4-B2CE-923B7E76500E}"
EndProject
Project("{2150E333-8FDC-42A3-9474-1A3956D46DE8}") = "Infrastructure", "Infrastructure", "{B1E863E7-1A8C-4172-81B0-ACF77B88BCF5}"
EndProject
Project("{2150E333-8FDC-42A3-9474-1A3956D46DE8}") = "Domain", "Domain", "{67FC0E28-A72B-40D1-BD15-033E9376D334}"
EndProject
Project("{2150E333-8FDC-42A3-9474-1A3956D46DE8}") = "Hosts", "Hosts", "{42308F9C-BA07-4934-AEC8-C90CA1EA9715}"
EndProject
Project("{FAE04EC0-301F-11D3-BF4B-00C04F79EFBC}") = "eSolutionTech.Manager", "eSolutionTech.Manager\eSolutionTech.Manager.csproj", "{9F2CFD01-3AA4-4A3B-9760-85903EF2A612}"
EndProject
Global
	GlobalSection(SolutionConfigurationPlatforms) = preSolution
		Debug|Any CPU = Debug|Any CPU
		Release|Any CPU = Release|Any CPU
	EndGlobalSection
	GlobalSection(ProjectConfigurationPlatforms) = postSolution
		{4E626B7F-7DA3-4B2D-8617-B31973912B7C}.Debug|Any CPU.ActiveCfg = Debug|Any CPU
		{4E626B7F-7DA3-4B2D-8617-B31973912B7C}.Debug|Any CPU.Build.0 = Debug|Any CPU
		{4E626B7F-7DA3-4B2D-8617-B31973912B7C}.Release|Any CPU.ActiveCfg = Release|Any CPU
		{4E626B7F-7DA3-4B2D-8617-B31973912B7C}.Release|Any CPU.Build.0 = Release|Any CPU
		{6A69B6CC-D91E-4F47-829E-0484A035B2EF}.Debug|Any CPU.ActiveCfg = Debug|Any CPU
		{6A69B6CC-D91E-4F47-829E-0484A035B2EF}.Debug|Any CPU.Build.0 = Debug|Any CPU
		{6A69B6CC-D91E-4F47-829E-0484A035B2EF}.Release|Any CPU.ActiveCfg = Release|Any CPU
		{6A69B6CC-D91E-4F47-829E-0484A035B2EF}.Release|Any CPU.Build.0 = Release|Any CPU
		{72A352EF-EF78-4AB2-A57A-D19BAB8B0D1C}.Debug|Any CPU.ActiveCfg = Debug|Any CPU
		{72A352EF-EF78-4AB2-A57A-D19BAB8B0D1C}.Debug|Any CPU.Build.0 = Debug|Any CPU
		{72A352EF-EF78-4AB2-A57A-D19BAB8B0D1C}.Release|Any CPU.ActiveCfg = Release|Any CPU
		{72A352EF-EF78-4AB2-A57A-D19BAB8B0D1C}.Release|Any CPU.Build.0 = Release|Any CPU
		{4980D54F-0BD3-4B7C-B4B5-656D719EDEAE}.Debug|Any CPU.ActiveCfg = Debug|Any CPU
		{4980D54F-0BD3-4B7C-B4B5-656D719EDEAE}.Debug|Any CPU.Build.0 = Debug|Any CPU
		{4980D54F-0BD3-4B7C-B4B5-656D719EDEAE}.Release|Any CPU.ActiveCfg = Release|Any CPU
		{4980D54F-0BD3-4B7C-B4B5-656D719EDEAE}.Release|Any CPU.Build.0 = Release|Any CPU
		{747A11BB-DABB-44F8-9083-BB03C1ABD2AD}.Debug|Any CPU.ActiveCfg = Debug|Any CPU
		{747A11BB-DABB-44F8-9083-BB03C1ABD2AD}.Debug|Any CPU.Build.0 = Debug|Any CPU
		{747A11BB-DABB-44F8-9083-BB03C1ABD2AD}.Release|Any CPU.ActiveCfg = Release|Any CPU
		{747A11BB-DABB-44F8-9083-BB03C1ABD2AD}.Release|Any CPU.Build.0 = Release|Any CPU
		{80ABEF63-17BF-4BB4-B2CE-923B7E76500E}.Debug|Any CPU.ActiveCfg = Debug|Any CPU
		{80ABEF63-17BF-4BB4-B2CE-923B7E76500E}.Debug|Any CPU.Build.0 = Debug|Any CPU
		{80ABEF63-17BF-4BB4-B2CE-923B7E76500E}.Release|Any CPU.ActiveCfg = Release|Any CPU
		{80ABEF63-17BF-4BB4-B2CE-923B7E76500E}.Release|Any CPU.Build.0 = Release|Any CPU
		{9F2CFD01-3AA4-4A3B-9760-85903EF2A612}.Debug|Any CPU.ActiveCfg = Debug|Any CPU
		{9F2CFD01-3AA4-4A3B-9760-85903EF2A612}.Debug|Any CPU.Build.0 = Debug|Any CPU
		{9F2CFD01-3AA4-4A3B-9760-85903EF2A612}.Release|Any CPU.ActiveCfg = Release|Any CPU
		{9F2CFD01-3AA4-4A3B-9760-85903EF2A612}.Release|Any CPU.Build.0 = Release|Any CPU
	EndGlobalSection
	GlobalSection(SolutionProperties) = preSolution
		HideSolutionNode = FALSE
	EndGlobalSection
	GlobalSection(NestedProjects) = preSolution
		{4E626B7F-7DA3-4B2D-8617-B31973912B7C} = {42308F9C-BA07-4934-AEC8-C90CA1EA9715}
		{6A69B6CC-D91E-4F47-829E-0484A035B2EF} = {67FC0E28-A72B-40D1-BD15-033E9376D334}
		{72A352EF-EF78-4AB2-A57A-D19BAB8B0D1C} = {B1E863E7-1A8C-4172-81B0-ACF77B88BCF5}
		{4980D54F-0BD3-4B7C-B4B5-656D719EDEAE} = {67FC0E28-A72B-40D1-BD15-033E9376D334}
		{747A11BB-DABB-44F8-9083-BB03C1ABD2AD} = {B1E863E7-1A8C-4172-81B0-ACF77B88BCF5}
		{80ABEF63-17BF-4BB4-B2CE-923B7E76500E} = {42308F9C-BA07-4934-AEC8-C90CA1EA9715}
		{9F2CFD01-3AA4-4A3B-9760-85903EF2A612} = {42308F9C-BA07-4934-AEC8-C90CA1EA9715}
	EndGlobalSection
	GlobalSection(ExtensibilityGlobals) = postSolution
		SolutionGuid = {9D68E6C9-435C-4FF0-93F3-C76BD84CB330}
	EndGlobalSection
EndGlobal
